// !$*UTF8*$!
{
	archiveVersion = 1;
	classes = {
	};
	objectVersion = 51;
	objects = {

/* Begin PBXBuildFile section */
		68E6B04D1C126C2A12516C20 /* Pods_devoronin_swift_test_devoronin_swift_testUITests.framework in Frameworks */ = {isa = PBXBuildFile; fileRef = D8F7984C6FB0A0769579C2D6 /* Pods_devoronin_swift_test_devoronin_swift_testUITests.framework */; };
		880C4B4229AA764000951D25 /* WatchlistViewController.swift in Sources */ = {isa = PBXBuildFile; fileRef = 880C4B4129AA764000951D25 /* WatchlistViewController.swift */; };
		880C4B4329AA764000951D25 /* WatchlistViewController.swift in Sources */ = {isa = PBXBuildFile; fileRef = 880C4B4129AA764000951D25 /* WatchlistViewController.swift */; };
		880C4B4429AA764000951D25 /* WatchlistViewController.swift in Sources */ = {isa = PBXBuildFile; fileRef = 880C4B4129AA764000951D25 /* WatchlistViewController.swift */; };
		880C4B4929AA767B00951D25 /* SettingsViewController.swift in Sources */ = {isa = PBXBuildFile; fileRef = 880C4B4829AA767B00951D25 /* SettingsViewController.swift */; };
		880C4B4A29AA767B00951D25 /* SettingsViewController.swift in Sources */ = {isa = PBXBuildFile; fileRef = 880C4B4829AA767B00951D25 /* SettingsViewController.swift */; };
		880C4B4B29AA767B00951D25 /* SettingsViewController.swift in Sources */ = {isa = PBXBuildFile; fileRef = 880C4B4829AA767B00951D25 /* SettingsViewController.swift */; };
		880C4B5329AA7B7100951D25 /* AssetsViewController.swift in Sources */ = {isa = PBXBuildFile; fileRef = 880C4B5229AA7B7100951D25 /* AssetsViewController.swift */; };
		880C4B5A29AA9B2A00951D25 /* AssetsTableViewCell.swift in Sources */ = {isa = PBXBuildFile; fileRef = 880C4B5929AA9B2A00951D25 /* AssetsTableViewCell.swift */; };
		880C4B5B29AA9B2A00951D25 /* AssetsTableViewCell.swift in Sources */ = {isa = PBXBuildFile; fileRef = 880C4B5929AA9B2A00951D25 /* AssetsTableViewCell.swift */; };
		880C4B5C29AA9B2A00951D25 /* AssetsTableViewCell.swift in Sources */ = {isa = PBXBuildFile; fileRef = 880C4B5929AA9B2A00951D25 /* AssetsTableViewCell.swift */; };
		8839F7C129B1D7AE004D4399 /* AssetDetailsInteractor.swift in Sources */ = {isa = PBXBuildFile; fileRef = 8839F7C029B1D7AE004D4399 /* AssetDetailsInteractor.swift */; };
		8839F7D429B1EB5D004D4399 /* AssetDetailsConfigurator.swift in Sources */ = {isa = PBXBuildFile; fileRef = 8839F7D329B1EB5D004D4399 /* AssetDetailsConfigurator.swift */; };
		8839F7E129B1F2CF004D4399 /* AssetDetailsConfigurator.swift in Sources */ = {isa = PBXBuildFile; fileRef = 8839F7D329B1EB5D004D4399 /* AssetDetailsConfigurator.swift */; };
		8839F7E229B1F2CF004D4399 /* AssetDetailsConfigurator.swift in Sources */ = {isa = PBXBuildFile; fileRef = 8839F7D329B1EB5D004D4399 /* AssetDetailsConfigurator.swift */; };
		8839F7F729B1F5C6004D4399 /* AssetDetailsPresenter.swift in Sources */ = {isa = PBXBuildFile; fileRef = 8839F7F629B1F5C6004D4399 /* AssetDetailsPresenter.swift */; };
		8839F7F829B1F5C6004D4399 /* AssetDetailsPresenter.swift in Sources */ = {isa = PBXBuildFile; fileRef = 8839F7F629B1F5C6004D4399 /* AssetDetailsPresenter.swift */; };
		8839F7F929B1F5C6004D4399 /* AssetDetailsPresenter.swift in Sources */ = {isa = PBXBuildFile; fileRef = 8839F7F629B1F5C6004D4399 /* AssetDetailsPresenter.swift */; };
		883C402129ABF0A100B44916 /* Asset.swift in Sources */ = {isa = PBXBuildFile; fileRef = 883C402029ABF0A100B44916 /* Asset.swift */; };
		883C402229ABF0A100B44916 /* Asset.swift in Sources */ = {isa = PBXBuildFile; fileRef = 883C402029ABF0A100B44916 /* Asset.swift */; };
		883C402329ABF0A100B44916 /* Asset.swift in Sources */ = {isa = PBXBuildFile; fileRef = 883C402029ABF0A100B44916 /* Asset.swift */; };
		883C402A29ABF30200B44916 /* NetworkManager.swift in Sources */ = {isa = PBXBuildFile; fileRef = 883C402829ABF30200B44916 /* NetworkManager.swift */; };
		883C402B29ABF30200B44916 /* NetworkManager.swift in Sources */ = {isa = PBXBuildFile; fileRef = 883C402829ABF30200B44916 /* NetworkManager.swift */; };
		883C402C29ABF30200B44916 /* NetworkManager.swift in Sources */ = {isa = PBXBuildFile; fileRef = 883C402829ABF30200B44916 /* NetworkManager.swift */; };
		883CEEE529B5CFA100D9ABDA /* ChartRenderer.swift in Sources */ = {isa = PBXBuildFile; fileRef = 883CEEE429B5CFA100D9ABDA /* ChartRenderer.swift */; };
		883CEEE629B5CFA100D9ABDA /* ChartRenderer.swift in Sources */ = {isa = PBXBuildFile; fileRef = 883CEEE429B5CFA100D9ABDA /* ChartRenderer.swift */; };
		883CEEE729B5CFA100D9ABDA /* ChartRenderer.swift in Sources */ = {isa = PBXBuildFile; fileRef = 883CEEE429B5CFA100D9ABDA /* ChartRenderer.swift */; };
		889535A029AAA01C00FC4B91 /* Constants.swift in Sources */ = {isa = PBXBuildFile; fileRef = 8895359F29AAA01C00FC4B91 /* Constants.swift */; };
		889535A129AAA01C00FC4B91 /* Constants.swift in Sources */ = {isa = PBXBuildFile; fileRef = 8895359F29AAA01C00FC4B91 /* Constants.swift */; };
		889535A229AAA01C00FC4B91 /* Constants.swift in Sources */ = {isa = PBXBuildFile; fileRef = 8895359F29AAA01C00FC4B91 /* Constants.swift */; };
		889535AA29AAA50A00FC4B91 /* AssetsTableViewHeader.swift in Sources */ = {isa = PBXBuildFile; fileRef = 889535A929AAA50A00FC4B91 /* AssetsTableViewHeader.swift */; };
		889535AB29AAA50A00FC4B91 /* AssetsTableViewHeader.swift in Sources */ = {isa = PBXBuildFile; fileRef = 889535A929AAA50A00FC4B91 /* AssetsTableViewHeader.swift */; };
		889535AC29AAA50A00FC4B91 /* AssetsTableViewHeader.swift in Sources */ = {isa = PBXBuildFile; fileRef = 889535A929AAA50A00FC4B91 /* AssetsTableViewHeader.swift */; };
		889535B229AAAC7600FC4B91 /* SearchTextField.swift in Sources */ = {isa = PBXBuildFile; fileRef = 889535B129AAAC7600FC4B91 /* SearchTextField.swift */; };
		889535B329AAAC7600FC4B91 /* SearchTextField.swift in Sources */ = {isa = PBXBuildFile; fileRef = 889535B129AAAC7600FC4B91 /* SearchTextField.swift */; };
		889535B429AAAC7600FC4B91 /* SearchTextField.swift in Sources */ = {isa = PBXBuildFile; fileRef = 889535B129AAAC7600FC4B91 /* SearchTextField.swift */; };
		88CE8CDB29ADEDEB00C60DE3 /* DetailHorizontalStackView.swift in Sources */ = {isa = PBXBuildFile; fileRef = 88CE8CDA29ADEDEB00C60DE3 /* DetailHorizontalStackView.swift */; };
		88CE8CDC29ADEDEB00C60DE3 /* DetailHorizontalStackView.swift in Sources */ = {isa = PBXBuildFile; fileRef = 88CE8CDA29ADEDEB00C60DE3 /* DetailHorizontalStackView.swift */; };
		88CE8CDD29ADEDEB00C60DE3 /* DetailHorizontalStackView.swift in Sources */ = {isa = PBXBuildFile; fileRef = 88CE8CDA29ADEDEB00C60DE3 /* DetailHorizontalStackView.swift */; };
		88D77635299FDAB500BC782F /* AppDelegate.swift in Sources */ = {isa = PBXBuildFile; fileRef = 88D77634299FDAB500BC782F /* AppDelegate.swift */; };
		88D77639299FDAB500BC782F /* MainViewController.swift in Sources */ = {isa = PBXBuildFile; fileRef = 88D77638299FDAB500BC782F /* MainViewController.swift */; };
		88D7763E299FDAB700BC782F /* Assets.xcassets in Resources */ = {isa = PBXBuildFile; fileRef = 88D7763D299FDAB700BC782F /* Assets.xcassets */; };
		88D77641299FDAB700BC782F /* LaunchScreen.storyboard in Resources */ = {isa = PBXBuildFile; fileRef = 88D7763F299FDAB700BC782F /* LaunchScreen.storyboard */; };
		88D7764C299FDAB700BC782F /* devoronin_swift_testTests.swift in Sources */ = {isa = PBXBuildFile; fileRef = 88D7764B299FDAB700BC782F /* devoronin_swift_testTests.swift */; };
		88D77657299FDAB700BC782F /* devoronin_swift_testUITests.swift in Sources */ = {isa = PBXBuildFile; fileRef = 88D77656299FDAB700BC782F /* devoronin_swift_testUITests.swift */; };
		88DC40EF29ADCD5100EF8A55 /* AssetDetailsView.swift in Sources */ = {isa = PBXBuildFile; fileRef = 88DC40EE29ADCD5100EF8A55 /* AssetDetailsView.swift */; };
		88DC6DF729AC6E7D00C8D62F /* AssetsInteractor.swift in Sources */ = {isa = PBXBuildFile; fileRef = 88DC6DF629AC6E7D00C8D62F /* AssetsInteractor.swift */; };
		88DC6DFC29AC765500C8D62F /* AssetsPresenter.swift in Sources */ = {isa = PBXBuildFile; fileRef = 88DC6DFB29AC765500C8D62F /* AssetsPresenter.swift */; };
		88DC6E0129AC7D0D00C8D62F /* AssetsConfigurator.swift in Sources */ = {isa = PBXBuildFile; fileRef = 88DC6E0029AC7D0D00C8D62F /* AssetsConfigurator.swift */; };
		88DC6E0929ACABED00C8D62F /* IconManager.swift in Sources */ = {isa = PBXBuildFile; fileRef = 88DC6E0829ACABED00C8D62F /* IconManager.swift */; };
		88DC6E0F29AD11E200C8D62F /* AssetDetailsViewController.swift in Sources */ = {isa = PBXBuildFile; fileRef = 88DC6E0E29AD11E200C8D62F /* AssetDetailsViewController.swift */; };
		88DC6E1029AD11E200C8D62F /* AssetDetailsViewController.swift in Sources */ = {isa = PBXBuildFile; fileRef = 88DC6E0E29AD11E200C8D62F /* AssetDetailsViewController.swift */; };
		88DC6E1129AD11E200C8D62F /* AssetDetailsViewController.swift in Sources */ = {isa = PBXBuildFile; fileRef = 88DC6E0E29AD11E200C8D62F /* AssetDetailsViewController.swift */; };
		88DC6E1B29AD3E4700C8D62F /* AppConstants.swift in Sources */ = {isa = PBXBuildFile; fileRef = 88DC6E1A29AD3E4700C8D62F /* AppConstants.swift */; };
		88DC6E1C29AD3E4700C8D62F /* AppConstants.swift in Sources */ = {isa = PBXBuildFile; fileRef = 88DC6E1A29AD3E4700C8D62F /* AppConstants.swift */; };
		88DC6E1D29AD3E4700C8D62F /* AppConstants.swift in Sources */ = {isa = PBXBuildFile; fileRef = 88DC6E1A29AD3E4700C8D62F /* AppConstants.swift */; };
		88DC6E2229AD468200C8D62F /* String+Ext.swift in Sources */ = {isa = PBXBuildFile; fileRef = 88DC6E2129AD468200C8D62F /* String+Ext.swift */; };
		88DC6E2329AD468200C8D62F /* String+Ext.swift in Sources */ = {isa = PBXBuildFile; fileRef = 88DC6E2129AD468200C8D62F /* String+Ext.swift */; };
		88DC6E2429AD468200C8D62F /* String+Ext.swift in Sources */ = {isa = PBXBuildFile; fileRef = 88DC6E2129AD468200C8D62F /* String+Ext.swift */; };
		88E1311D29B0645600DAF0B0 /* ChartViewController.swift in Sources */ = {isa = PBXBuildFile; fileRef = 88E1311C29B0645600DAF0B0 /* ChartViewController.swift */; };
		88E1311E29B0645600DAF0B0 /* ChartViewController.swift in Sources */ = {isa = PBXBuildFile; fileRef = 88E1311C29B0645600DAF0B0 /* ChartViewController.swift */; };
		88E1311F29B0645600DAF0B0 /* ChartViewController.swift in Sources */ = {isa = PBXBuildFile; fileRef = 88E1311C29B0645600DAF0B0 /* ChartViewController.swift */; };
		88E3340F29B12F33005B5152 /* AssetHistory.swift in Sources */ = {isa = PBXBuildFile; fileRef = 88E3340E29B12F33005B5152 /* AssetHistory.swift */; };
		88EF7A3F29AB40B0001D3572 /* UIViewController+Ext.swift in Sources */ = {isa = PBXBuildFile; fileRef = 88EF7A3E29AB40B0001D3572 /* UIViewController+Ext.swift */; };
		88EF7A4029AB40B0001D3572 /* UIViewController+Ext.swift in Sources */ = {isa = PBXBuildFile; fileRef = 88EF7A3E29AB40B0001D3572 /* UIViewController+Ext.swift */; };
		88EF7A4129AB40B0001D3572 /* UIViewController+Ext.swift in Sources */ = {isa = PBXBuildFile; fileRef = 88EF7A3E29AB40B0001D3572 /* UIViewController+Ext.swift */; };
		88EF7AA829AB44CC001D3572 /* UIView+Ext.swift in Sources */ = {isa = PBXBuildFile; fileRef = 88EF7AA729AB44CC001D3572 /* UIView+Ext.swift */; };
		88EF7AA929AB44CC001D3572 /* UIView+Ext.swift in Sources */ = {isa = PBXBuildFile; fileRef = 88EF7AA729AB44CC001D3572 /* UIView+Ext.swift */; };
		88EF7AAA29AB44CC001D3572 /* UIView+Ext.swift in Sources */ = {isa = PBXBuildFile; fileRef = 88EF7AA729AB44CC001D3572 /* UIView+Ext.swift */; };
		94FFA24AD05366F39CAFEB73 /* Pods_devoronin_swift_testTests.framework in Frameworks */ = {isa = PBXBuildFile; fileRef = 1C46AD923FF588A1DD9D5229 /* Pods_devoronin_swift_testTests.framework */; };
		ED6A36486F9CCF999F7FFCE3 /* Pods_devoronin_swift_test.framework in Frameworks */ = {isa = PBXBuildFile; fileRef = B3770CD73AF50BB14983437B /* Pods_devoronin_swift_test.framework */; };
/* End PBXBuildFile section */

/* Begin PBXContainerItemProxy section */
		88D77648299FDAB700BC782F /* PBXContainerItemProxy */ = {
			isa = PBXContainerItemProxy;
			containerPortal = 88D77629299FDAB500BC782F /* Project object */;
			proxyType = 1;
			remoteGlobalIDString = 88D77630299FDAB500BC782F;
			remoteInfo = "devoronin-swift-test";
		};
		88D77653299FDAB700BC782F /* PBXContainerItemProxy */ = {
			isa = PBXContainerItemProxy;
			containerPortal = 88D77629299FDAB500BC782F /* Project object */;
			proxyType = 1;
			remoteGlobalIDString = 88D77630299FDAB500BC782F;
			remoteInfo = "devoronin-swift-test";
		};
/* End PBXContainerItemProxy section */

/* Begin PBXFileReference section */
		1C46AD923FF588A1DD9D5229 /* Pods_devoronin_swift_testTests.framework */ = {isa = PBXFileReference; explicitFileType = wrapper.framework; includeInIndex = 0; path = Pods_devoronin_swift_testTests.framework; sourceTree = BUILT_PRODUCTS_DIR; };
		648E330A937C6B168F2E0EA9 /* Pods-devoronin-swift-test-devoronin-swift-testUITests.debug.xcconfig */ = {isa = PBXFileReference; includeInIndex = 1; lastKnownFileType = text.xcconfig; name = "Pods-devoronin-swift-test-devoronin-swift-testUITests.debug.xcconfig"; path = "Target Support Files/Pods-devoronin-swift-test-devoronin-swift-testUITests/Pods-devoronin-swift-test-devoronin-swift-testUITests.debug.xcconfig"; sourceTree = "<group>"; };
		79F10EA53A407E4BDDA48614 /* Pods-devoronin-swift-test-devoronin-swift-testUITests.release.xcconfig */ = {isa = PBXFileReference; includeInIndex = 1; lastKnownFileType = text.xcconfig; name = "Pods-devoronin-swift-test-devoronin-swift-testUITests.release.xcconfig"; path = "Target Support Files/Pods-devoronin-swift-test-devoronin-swift-testUITests/Pods-devoronin-swift-test-devoronin-swift-testUITests.release.xcconfig"; sourceTree = "<group>"; };
		7B4C38CFD3B942CE2D2585E5 /* Pods-devoronin-swift-testTests.debug.xcconfig */ = {isa = PBXFileReference; includeInIndex = 1; lastKnownFileType = text.xcconfig; name = "Pods-devoronin-swift-testTests.debug.xcconfig"; path = "Target Support Files/Pods-devoronin-swift-testTests/Pods-devoronin-swift-testTests.debug.xcconfig"; sourceTree = "<group>"; };
		8107904866CB2EE7F055C5CF /* Pods-devoronin-swift-testTests.release.xcconfig */ = {isa = PBXFileReference; includeInIndex = 1; lastKnownFileType = text.xcconfig; name = "Pods-devoronin-swift-testTests.release.xcconfig"; path = "Target Support Files/Pods-devoronin-swift-testTests/Pods-devoronin-swift-testTests.release.xcconfig"; sourceTree = "<group>"; };
		880C4B4129AA764000951D25 /* WatchlistViewController.swift */ = {isa = PBXFileReference; lastKnownFileType = sourcecode.swift; path = WatchlistViewController.swift; sourceTree = "<group>"; };
		880C4B4829AA767B00951D25 /* SettingsViewController.swift */ = {isa = PBXFileReference; lastKnownFileType = sourcecode.swift; path = SettingsViewController.swift; sourceTree = "<group>"; };
		880C4B5229AA7B7100951D25 /* AssetsViewController.swift */ = {isa = PBXFileReference; lastKnownFileType = sourcecode.swift; path = AssetsViewController.swift; sourceTree = "<group>"; };
		880C4B5929AA9B2A00951D25 /* AssetsTableViewCell.swift */ = {isa = PBXFileReference; lastKnownFileType = sourcecode.swift; path = AssetsTableViewCell.swift; sourceTree = "<group>"; };
		8839F7C029B1D7AE004D4399 /* AssetDetailsInteractor.swift */ = {isa = PBXFileReference; lastKnownFileType = sourcecode.swift; path = AssetDetailsInteractor.swift; sourceTree = "<group>"; };
		8839F7D329B1EB5D004D4399 /* AssetDetailsConfigurator.swift */ = {isa = PBXFileReference; lastKnownFileType = sourcecode.swift; path = AssetDetailsConfigurator.swift; sourceTree = "<group>"; };
		8839F7F629B1F5C6004D4399 /* AssetDetailsPresenter.swift */ = {isa = PBXFileReference; lastKnownFileType = sourcecode.swift; path = AssetDetailsPresenter.swift; sourceTree = "<group>"; };
		883C402029ABF0A100B44916 /* Asset.swift */ = {isa = PBXFileReference; lastKnownFileType = sourcecode.swift; path = Asset.swift; sourceTree = "<group>"; };
		883C402829ABF30200B44916 /* NetworkManager.swift */ = {isa = PBXFileReference; fileEncoding = 4; lastKnownFileType = sourcecode.swift; path = NetworkManager.swift; sourceTree = "<group>"; };
		883CEEE429B5CFA100D9ABDA /* ChartRenderer.swift */ = {isa = PBXFileReference; lastKnownFileType = sourcecode.swift; path = ChartRenderer.swift; sourceTree = "<group>"; };
		8895359F29AAA01C00FC4B91 /* Constants.swift */ = {isa = PBXFileReference; lastKnownFileType = sourcecode.swift; path = Constants.swift; sourceTree = "<group>"; };
		889535A929AAA50A00FC4B91 /* AssetsTableViewHeader.swift */ = {isa = PBXFileReference; lastKnownFileType = sourcecode.swift; path = AssetsTableViewHeader.swift; sourceTree = "<group>"; };
		889535B129AAAC7600FC4B91 /* SearchTextField.swift */ = {isa = PBXFileReference; lastKnownFileType = sourcecode.swift; path = SearchTextField.swift; sourceTree = "<group>"; };
		88CE8CDA29ADEDEB00C60DE3 /* DetailHorizontalStackView.swift */ = {isa = PBXFileReference; lastKnownFileType = sourcecode.swift; path = DetailHorizontalStackView.swift; sourceTree = "<group>"; };
		88D77631299FDAB500BC782F /* devoronin-swift-test.app */ = {isa = PBXFileReference; explicitFileType = wrapper.application; includeInIndex = 0; path = "devoronin-swift-test.app"; sourceTree = BUILT_PRODUCTS_DIR; };
		88D77634299FDAB500BC782F /* AppDelegate.swift */ = {isa = PBXFileReference; lastKnownFileType = sourcecode.swift; path = AppDelegate.swift; sourceTree = "<group>"; };
		88D77638299FDAB500BC782F /* MainViewController.swift */ = {isa = PBXFileReference; lastKnownFileType = sourcecode.swift; path = MainViewController.swift; sourceTree = "<group>"; };
		88D7763D299FDAB700BC782F /* Assets.xcassets */ = {isa = PBXFileReference; lastKnownFileType = folder.assetcatalog; path = Assets.xcassets; sourceTree = "<group>"; };
		88D77640299FDAB700BC782F /* Base */ = {isa = PBXFileReference; lastKnownFileType = file.storyboard; name = Base; path = Base.lproj/LaunchScreen.storyboard; sourceTree = "<group>"; };
		88D77642299FDAB700BC782F /* Info.plist */ = {isa = PBXFileReference; lastKnownFileType = text.plist.xml; path = Info.plist; sourceTree = "<group>"; };
		88D77647299FDAB700BC782F /* devoronin-swift-testTests.xctest */ = {isa = PBXFileReference; explicitFileType = wrapper.cfbundle; includeInIndex = 0; path = "devoronin-swift-testTests.xctest"; sourceTree = BUILT_PRODUCTS_DIR; };
		88D7764B299FDAB700BC782F /* devoronin_swift_testTests.swift */ = {isa = PBXFileReference; lastKnownFileType = sourcecode.swift; path = devoronin_swift_testTests.swift; sourceTree = "<group>"; };
		88D7764D299FDAB700BC782F /* Info.plist */ = {isa = PBXFileReference; lastKnownFileType = text.plist.xml; path = Info.plist; sourceTree = "<group>"; };
		88D77652299FDAB700BC782F /* devoronin-swift-testUITests.xctest */ = {isa = PBXFileReference; explicitFileType = wrapper.cfbundle; includeInIndex = 0; path = "devoronin-swift-testUITests.xctest"; sourceTree = BUILT_PRODUCTS_DIR; };
		88D77656299FDAB700BC782F /* devoronin_swift_testUITests.swift */ = {isa = PBXFileReference; lastKnownFileType = sourcecode.swift; path = devoronin_swift_testUITests.swift; sourceTree = "<group>"; };
		88D77658299FDAB700BC782F /* Info.plist */ = {isa = PBXFileReference; lastKnownFileType = text.plist.xml; path = Info.plist; sourceTree = "<group>"; };
		88DC40EE29ADCD5100EF8A55 /* AssetDetailsView.swift */ = {isa = PBXFileReference; lastKnownFileType = sourcecode.swift; path = AssetDetailsView.swift; sourceTree = "<group>"; };
		88DC6DF629AC6E7D00C8D62F /* AssetsInteractor.swift */ = {isa = PBXFileReference; lastKnownFileType = sourcecode.swift; path = AssetsInteractor.swift; sourceTree = "<group>"; };
		88DC6DFB29AC765500C8D62F /* AssetsPresenter.swift */ = {isa = PBXFileReference; lastKnownFileType = sourcecode.swift; path = AssetsPresenter.swift; sourceTree = "<group>"; };
		88DC6E0029AC7D0D00C8D62F /* AssetsConfigurator.swift */ = {isa = PBXFileReference; lastKnownFileType = sourcecode.swift; path = AssetsConfigurator.swift; sourceTree = "<group>"; };
		88DC6E0829ACABED00C8D62F /* IconManager.swift */ = {isa = PBXFileReference; lastKnownFileType = sourcecode.swift; path = IconManager.swift; sourceTree = "<group>"; };
		88DC6E0E29AD11E200C8D62F /* AssetDetailsViewController.swift */ = {isa = PBXFileReference; lastKnownFileType = sourcecode.swift; path = AssetDetailsViewController.swift; sourceTree = "<group>"; };
		88DC6E1A29AD3E4700C8D62F /* AppConstants.swift */ = {isa = PBXFileReference; lastKnownFileType = sourcecode.swift; path = AppConstants.swift; sourceTree = "<group>"; };
		88DC6E2129AD468200C8D62F /* String+Ext.swift */ = {isa = PBXFileReference; lastKnownFileType = sourcecode.swift; path = "String+Ext.swift"; sourceTree = "<group>"; };
		88E1311C29B0645600DAF0B0 /* ChartViewController.swift */ = {isa = PBXFileReference; lastKnownFileType = sourcecode.swift; path = ChartViewController.swift; sourceTree = "<group>"; };
		88E3340E29B12F33005B5152 /* AssetHistory.swift */ = {isa = PBXFileReference; lastKnownFileType = sourcecode.swift; path = AssetHistory.swift; sourceTree = "<group>"; };
		88EF7A3E29AB40B0001D3572 /* UIViewController+Ext.swift */ = {isa = PBXFileReference; fileEncoding = 4; lastKnownFileType = sourcecode.swift; path = "UIViewController+Ext.swift"; sourceTree = "<group>"; };
		88EF7AA729AB44CC001D3572 /* UIView+Ext.swift */ = {isa = PBXFileReference; fileEncoding = 4; lastKnownFileType = sourcecode.swift; path = "UIView+Ext.swift"; sourceTree = "<group>"; };
		9E027F4B6D39C92745DDBE2A /* Pods-devoronin-swift-test.debug.xcconfig */ = {isa = PBXFileReference; includeInIndex = 1; lastKnownFileType = text.xcconfig; name = "Pods-devoronin-swift-test.debug.xcconfig"; path = "Target Support Files/Pods-devoronin-swift-test/Pods-devoronin-swift-test.debug.xcconfig"; sourceTree = "<group>"; };
		B02603EC9DDDE24880AA2C04 /* Pods-devoronin-swift-test.release.xcconfig */ = {isa = PBXFileReference; includeInIndex = 1; lastKnownFileType = text.xcconfig; name = "Pods-devoronin-swift-test.release.xcconfig"; path = "Target Support Files/Pods-devoronin-swift-test/Pods-devoronin-swift-test.release.xcconfig"; sourceTree = "<group>"; };
		B3770CD73AF50BB14983437B /* Pods_devoronin_swift_test.framework */ = {isa = PBXFileReference; explicitFileType = wrapper.framework; includeInIndex = 0; path = Pods_devoronin_swift_test.framework; sourceTree = BUILT_PRODUCTS_DIR; };
		D8F7984C6FB0A0769579C2D6 /* Pods_devoronin_swift_test_devoronin_swift_testUITests.framework */ = {isa = PBXFileReference; explicitFileType = wrapper.framework; includeInIndex = 0; path = Pods_devoronin_swift_test_devoronin_swift_testUITests.framework; sourceTree = BUILT_PRODUCTS_DIR; };
/* End PBXFileReference section */

/* Begin PBXFrameworksBuildPhase section */
		88D7762E299FDAB500BC782F /* Frameworks */ = {
			isa = PBXFrameworksBuildPhase;
			buildActionMask = 2147483647;
			files = (
				ED6A36486F9CCF999F7FFCE3 /* Pods_devoronin_swift_test.framework in Frameworks */,
			);
			runOnlyForDeploymentPostprocessing = 0;
		};
		88D77644299FDAB700BC782F /* Frameworks */ = {
			isa = PBXFrameworksBuildPhase;
			buildActionMask = 2147483647;
			files = (
				94FFA24AD05366F39CAFEB73 /* Pods_devoronin_swift_testTests.framework in Frameworks */,
			);
			runOnlyForDeploymentPostprocessing = 0;
		};
		88D7764F299FDAB700BC782F /* Frameworks */ = {
			isa = PBXFrameworksBuildPhase;
			buildActionMask = 2147483647;
			files = (
				68E6B04D1C126C2A12516C20 /* Pods_devoronin_swift_test_devoronin_swift_testUITests.framework in Frameworks */,
			);
			runOnlyForDeploymentPostprocessing = 0;
		};
/* End PBXFrameworksBuildPhase section */

/* Begin PBXGroup section */
		880C4B6029AA9B9400951D25 /* Assets */ = {
			isa = PBXGroup;
			children = (
				88EF7A3629AB3AB1001D3572 /* Subviews */,
				8839F7C529B1D7FC004D4399 /* Models */,
				88DC6DF629AC6E7D00C8D62F /* AssetsInteractor.swift */,
				88DC6DFB29AC765500C8D62F /* AssetsPresenter.swift */,
				880C4B5229AA7B7100951D25 /* AssetsViewController.swift */,
				88DC6E0029AC7D0D00C8D62F /* AssetsConfigurator.swift */,
			);
			path = Assets;
			sourceTree = "<group>";
		};
		8839F7C529B1D7FC004D4399 /* Models */ = {
			isa = PBXGroup;
			children = (
				883C402029ABF0A100B44916 /* Asset.swift */,
			);
			path = Models;
			sourceTree = "<group>";
		};
		8839F7CC29B1D809004D4399 /* Models */ = {
			isa = PBXGroup;
			children = (
				88E3340E29B12F33005B5152 /* AssetHistory.swift */,
			);
			path = Models;
			sourceTree = "<group>";
		};
		883C402729ABF2E600B44916 /* Managers */ = {
			isa = PBXGroup;
			children = (
				883C402829ABF30200B44916 /* NetworkManager.swift */,
				88DC6E0829ACABED00C8D62F /* IconManager.swift */,
			);
			path = Managers;
			sourceTree = "<group>";
		};
		8895359E29AA9FFA00FC4B91 /* Constants */ = {
			isa = PBXGroup;
			children = (
				8895359F29AAA01C00FC4B91 /* Constants.swift */,
				88DC6E1A29AD3E4700C8D62F /* AppConstants.swift */,
			);
			path = Constants;
			sourceTree = "<group>";
		};
		889535B029AAABFE00FC4B91 /* CustomViews */ = {
			isa = PBXGroup;
			children = (
				889535B129AAAC7600FC4B91 /* SearchTextField.swift */,
			);
			path = CustomViews;
			sourceTree = "<group>";
		};
		88D77628299FDAB500BC782F = {
			isa = PBXGroup;
			children = (
				88D77633299FDAB500BC782F /* devoronin-swift-test */,
				88D7764A299FDAB700BC782F /* devoronin-swift-testTests */,
				88D77655299FDAB700BC782F /* devoronin-swift-testUITests */,
				88D77632299FDAB500BC782F /* Products */,
				E0E82A33264F839667C82DEE /* Pods */,
				A8476A9078655A709C0F3A60 /* Frameworks */,
			);
			sourceTree = "<group>";
		};
		88D77632299FDAB500BC782F /* Products */ = {
			isa = PBXGroup;
			children = (
				88D77631299FDAB500BC782F /* devoronin-swift-test.app */,
				88D77647299FDAB700BC782F /* devoronin-swift-testTests.xctest */,
				88D77652299FDAB700BC782F /* devoronin-swift-testUITests.xctest */,
			);
			name = Products;
			sourceTree = "<group>";
		};
		88D77633299FDAB500BC782F /* devoronin-swift-test */ = {
			isa = PBXGroup;
			children = (
				880C4B6029AA9B9400951D25 /* Assets */,
				88DC6E0D29AD11BD00C8D62F /* AssetDetails */,
				883C402729ABF2E600B44916 /* Managers */,
				88EF7A5229AB410B001D3572 /* Extensions */,
				889535B029AAABFE00FC4B91 /* CustomViews */,
				8895359E29AA9FFA00FC4B91 /* Constants */,
				88D77634299FDAB500BC782F /* AppDelegate.swift */,
				88D77638299FDAB500BC782F /* MainViewController.swift */,
				88D7763D299FDAB700BC782F /* Assets.xcassets */,
				88D7763F299FDAB700BC782F /* LaunchScreen.storyboard */,
				88D77642299FDAB700BC782F /* Info.plist */,
				880C4B4129AA764000951D25 /* WatchlistViewController.swift */,
				880C4B4829AA767B00951D25 /* SettingsViewController.swift */,
			);
			path = "devoronin-swift-test";
			sourceTree = "<group>";
		};
		88D7764A299FDAB700BC782F /* devoronin-swift-testTests */ = {
			isa = PBXGroup;
			children = (
				88D7764B299FDAB700BC782F /* devoronin_swift_testTests.swift */,
				88D7764D299FDAB700BC782F /* Info.plist */,
			);
			path = "devoronin-swift-testTests";
			sourceTree = "<group>";
		};
		88D77655299FDAB700BC782F /* devoronin-swift-testUITests */ = {
			isa = PBXGroup;
			children = (
				88D77656299FDAB700BC782F /* devoronin_swift_testUITests.swift */,
				88D77658299FDAB700BC782F /* Info.plist */,
			);
			path = "devoronin-swift-testUITests";
			sourceTree = "<group>";
		};
		88DC40EA29ADC89E00EF8A55 /* CustomViews */ = {
			isa = PBXGroup;
			children = (
				88DC40EE29ADCD5100EF8A55 /* AssetDetailsView.swift */,
				88CE8CDA29ADEDEB00C60DE3 /* DetailHorizontalStackView.swift */,
				88E1311C29B0645600DAF0B0 /* ChartViewController.swift */,
				883CEEE429B5CFA100D9ABDA /* ChartRenderer.swift */,
			);
			path = CustomViews;
			sourceTree = "<group>";
		};
		88DC6E0D29AD11BD00C8D62F /* AssetDetails */ = {
			isa = PBXGroup;
			children = (
				88DC40EA29ADC89E00EF8A55 /* CustomViews */,
				8839F7C029B1D7AE004D4399 /* AssetDetailsInteractor.swift */,
				88DC6E0E29AD11E200C8D62F /* AssetDetailsViewController.swift */,
				8839F7D329B1EB5D004D4399 /* AssetDetailsConfigurator.swift */,
				8839F7F629B1F5C6004D4399 /* AssetDetailsPresenter.swift */,
				8839F7CC29B1D809004D4399 /* Models */,
			);
			path = AssetDetails;
			sourceTree = "<group>";
		};
		88EF7A3629AB3AB1001D3572 /* Subviews */ = {
			isa = PBXGroup;
			children = (
				880C4B5929AA9B2A00951D25 /* AssetsTableViewCell.swift */,
				889535A929AAA50A00FC4B91 /* AssetsTableViewHeader.swift */,
			);
			path = Subviews;
			sourceTree = "<group>";
		};
		88EF7A5229AB410B001D3572 /* Extensions */ = {
			isa = PBXGroup;
			children = (
				88EF7AA729AB44CC001D3572 /* UIView+Ext.swift */,
				88EF7A3E29AB40B0001D3572 /* UIViewController+Ext.swift */,
				88DC6E2129AD468200C8D62F /* String+Ext.swift */,
			);
			path = Extensions;
			sourceTree = "<group>";
		};
		A8476A9078655A709C0F3A60 /* Frameworks */ = {
			isa = PBXGroup;
			children = (
				B3770CD73AF50BB14983437B /* Pods_devoronin_swift_test.framework */,
				D8F7984C6FB0A0769579C2D6 /* Pods_devoronin_swift_test_devoronin_swift_testUITests.framework */,
				1C46AD923FF588A1DD9D5229 /* Pods_devoronin_swift_testTests.framework */,
			);
			name = Frameworks;
			sourceTree = "<group>";
		};
		E0E82A33264F839667C82DEE /* Pods */ = {
			isa = PBXGroup;
			children = (
				9E027F4B6D39C92745DDBE2A /* Pods-devoronin-swift-test.debug.xcconfig */,
				B02603EC9DDDE24880AA2C04 /* Pods-devoronin-swift-test.release.xcconfig */,
				648E330A937C6B168F2E0EA9 /* Pods-devoronin-swift-test-devoronin-swift-testUITests.debug.xcconfig */,
				79F10EA53A407E4BDDA48614 /* Pods-devoronin-swift-test-devoronin-swift-testUITests.release.xcconfig */,
				7B4C38CFD3B942CE2D2585E5 /* Pods-devoronin-swift-testTests.debug.xcconfig */,
				8107904866CB2EE7F055C5CF /* Pods-devoronin-swift-testTests.release.xcconfig */,
			);
			path = Pods;
			sourceTree = "<group>";
		};
/* End PBXGroup section */

/* Begin PBXNativeTarget section */
		88D77630299FDAB500BC782F /* devoronin-swift-test */ = {
			isa = PBXNativeTarget;
			buildConfigurationList = 88D7765B299FDAB700BC782F /* Build configuration list for PBXNativeTarget "devoronin-swift-test" */;
			buildPhases = (
				8EF74BB1FA8237E6DCD0E76C /* [CP] Check Pods Manifest.lock */,
				88D7762D299FDAB500BC782F /* Sources */,
				88D7762E299FDAB500BC782F /* Frameworks */,
				88D7762F299FDAB500BC782F /* Resources */,
				FD839C41854278A8941D1A61 /* [CP] Embed Pods Frameworks */,
			);
			buildRules = (
			);
			dependencies = (
			);
			name = "devoronin-swift-test";
			productName = "devoronin-swift-test";
			productReference = 88D77631299FDAB500BC782F /* devoronin-swift-test.app */;
			productType = "com.apple.product-type.application";
		};
		88D77646299FDAB700BC782F /* devoronin-swift-testTests */ = {
			isa = PBXNativeTarget;
			buildConfigurationList = 88D7765E299FDAB700BC782F /* Build configuration list for PBXNativeTarget "devoronin-swift-testTests" */;
			buildPhases = (
				CCD47C31C443AEBCB654B21D /* [CP] Check Pods Manifest.lock */,
				88D77643299FDAB700BC782F /* Sources */,
				88D77644299FDAB700BC782F /* Frameworks */,
				88D77645299FDAB700BC782F /* Resources */,
			);
			buildRules = (
			);
			dependencies = (
				88D77649299FDAB700BC782F /* PBXTargetDependency */,
			);
			name = "devoronin-swift-testTests";
			productName = "devoronin-swift-testTests";
			productReference = 88D77647299FDAB700BC782F /* devoronin-swift-testTests.xctest */;
			productType = "com.apple.product-type.bundle.unit-test";
		};
		88D77651299FDAB700BC782F /* devoronin-swift-testUITests */ = {
			isa = PBXNativeTarget;
			buildConfigurationList = 88D77661299FDAB700BC782F /* Build configuration list for PBXNativeTarget "devoronin-swift-testUITests" */;
			buildPhases = (
				F64BB0563916CBAFA10DFE48 /* [CP] Check Pods Manifest.lock */,
				88D7764E299FDAB700BC782F /* Sources */,
				88D7764F299FDAB700BC782F /* Frameworks */,
				88D77650299FDAB700BC782F /* Resources */,
				F0B09B64187B8F2053E36508 /* [CP] Embed Pods Frameworks */,
			);
			buildRules = (
			);
			dependencies = (
				88D77654299FDAB700BC782F /* PBXTargetDependency */,
			);
			name = "devoronin-swift-testUITests";
			productName = "devoronin-swift-testUITests";
			productReference = 88D77652299FDAB700BC782F /* devoronin-swift-testUITests.xctest */;
			productType = "com.apple.product-type.bundle.ui-testing";
		};
/* End PBXNativeTarget section */

/* Begin PBXProject section */
		88D77629299FDAB500BC782F /* Project object */ = {
			isa = PBXProject;
			attributes = {
				LastSwiftUpdateCheck = 1240;
				LastUpgradeCheck = 1240;
				TargetAttributes = {
					88D77630299FDAB500BC782F = {
						CreatedOnToolsVersion = 12.4;
					};
					88D77646299FDAB700BC782F = {
						CreatedOnToolsVersion = 12.4;
						TestTargetID = 88D77630299FDAB500BC782F;
					};
					88D77651299FDAB700BC782F = {
						CreatedOnToolsVersion = 12.4;
						TestTargetID = 88D77630299FDAB500BC782F;
					};
				};
			};
			buildConfigurationList = 88D7762C299FDAB500BC782F /* Build configuration list for PBXProject "devoronin-swift-test" */;
			compatibilityVersion = "Xcode 9.3";
			developmentRegion = en;
			hasScannedForEncodings = 0;
			knownRegions = (
				en,
				Base,
			);
			mainGroup = 88D77628299FDAB500BC782F;
			productRefGroup = 88D77632299FDAB500BC782F /* Products */;
			projectDirPath = "";
			projectRoot = "";
			targets = (
				88D77630299FDAB500BC782F /* devoronin-swift-test */,
				88D77646299FDAB700BC782F /* devoronin-swift-testTests */,
				88D77651299FDAB700BC782F /* devoronin-swift-testUITests */,
			);
		};
/* End PBXProject section */

/* Begin PBXResourcesBuildPhase section */
		88D7762F299FDAB500BC782F /* Resources */ = {
			isa = PBXResourcesBuildPhase;
			buildActionMask = 2147483647;
			files = (
				88D77641299FDAB700BC782F /* LaunchScreen.storyboard in Resources */,
				88D7763E299FDAB700BC782F /* Assets.xcassets in Resources */,
			);
			runOnlyForDeploymentPostprocessing = 0;
		};
		88D77645299FDAB700BC782F /* Resources */ = {
			isa = PBXResourcesBuildPhase;
			buildActionMask = 2147483647;
			files = (
			);
			runOnlyForDeploymentPostprocessing = 0;
		};
		88D77650299FDAB700BC782F /* Resources */ = {
			isa = PBXResourcesBuildPhase;
			buildActionMask = 2147483647;
			files = (
			);
			runOnlyForDeploymentPostprocessing = 0;
		};
/* End PBXResourcesBuildPhase section */

/* Begin PBXShellScriptBuildPhase section */
		8EF74BB1FA8237E6DCD0E76C /* [CP] Check Pods Manifest.lock */ = {
			isa = PBXShellScriptBuildPhase;
			buildActionMask = 2147483647;
			files = (
			);
			inputFileListPaths = (
			);
			inputPaths = (
				"${PODS_PODFILE_DIR_PATH}/Podfile.lock",
				"${PODS_ROOT}/Manifest.lock",
			);
			name = "[CP] Check Pods Manifest.lock";
			outputFileListPaths = (
			);
			outputPaths = (
				"$(DERIVED_FILE_DIR)/Pods-devoronin-swift-test-checkManifestLockResult.txt",
			);
			runOnlyForDeploymentPostprocessing = 0;
			shellPath = /bin/sh;
			shellScript = "diff \"${PODS_PODFILE_DIR_PATH}/Podfile.lock\" \"${PODS_ROOT}/Manifest.lock\" > /dev/null\nif [ $? != 0 ] ; then\n    # print error to STDERR\n    echo \"error: The sandbox is not in sync with the Podfile.lock. Run 'pod install' or update your CocoaPods installation.\" >&2\n    exit 1\nfi\n# This output is used by Xcode 'outputs' to avoid re-running this script phase.\necho \"SUCCESS\" > \"${SCRIPT_OUTPUT_FILE_0}\"\n";
			showEnvVarsInLog = 0;
		};
		CCD47C31C443AEBCB654B21D /* [CP] Check Pods Manifest.lock */ = {
			isa = PBXShellScriptBuildPhase;
			buildActionMask = 2147483647;
			files = (
			);
			inputFileListPaths = (
			);
			inputPaths = (
				"${PODS_PODFILE_DIR_PATH}/Podfile.lock",
				"${PODS_ROOT}/Manifest.lock",
			);
			name = "[CP] Check Pods Manifest.lock";
			outputFileListPaths = (
			);
			outputPaths = (
				"$(DERIVED_FILE_DIR)/Pods-devoronin-swift-testTests-checkManifestLockResult.txt",
			);
			runOnlyForDeploymentPostprocessing = 0;
			shellPath = /bin/sh;
			shellScript = "diff \"${PODS_PODFILE_DIR_PATH}/Podfile.lock\" \"${PODS_ROOT}/Manifest.lock\" > /dev/null\nif [ $? != 0 ] ; then\n    # print error to STDERR\n    echo \"error: The sandbox is not in sync with the Podfile.lock. Run 'pod install' or update your CocoaPods installation.\" >&2\n    exit 1\nfi\n# This output is used by Xcode 'outputs' to avoid re-running this script phase.\necho \"SUCCESS\" > \"${SCRIPT_OUTPUT_FILE_0}\"\n";
			showEnvVarsInLog = 0;
		};
		F0B09B64187B8F2053E36508 /* [CP] Embed Pods Frameworks */ = {
			isa = PBXShellScriptBuildPhase;
			buildActionMask = 2147483647;
			files = (
			);
			inputFileListPaths = (
				"${PODS_ROOT}/Target Support Files/Pods-devoronin-swift-test-devoronin-swift-testUITests/Pods-devoronin-swift-test-devoronin-swift-testUITests-frameworks-${CONFIGURATION}-input-files.xcfilelist",
			);
			name = "[CP] Embed Pods Frameworks";
			outputFileListPaths = (
				"${PODS_ROOT}/Target Support Files/Pods-devoronin-swift-test-devoronin-swift-testUITests/Pods-devoronin-swift-test-devoronin-swift-testUITests-frameworks-${CONFIGURATION}-output-files.xcfilelist",
			);
			runOnlyForDeploymentPostprocessing = 0;
			shellPath = /bin/sh;
			shellScript = "\"${PODS_ROOT}/Target Support Files/Pods-devoronin-swift-test-devoronin-swift-testUITests/Pods-devoronin-swift-test-devoronin-swift-testUITests-frameworks.sh\"\n";
			showEnvVarsInLog = 0;
		};
		F64BB0563916CBAFA10DFE48 /* [CP] Check Pods Manifest.lock */ = {
			isa = PBXShellScriptBuildPhase;
			buildActionMask = 2147483647;
			files = (
			);
			inputFileListPaths = (
			);
			inputPaths = (
				"${PODS_PODFILE_DIR_PATH}/Podfile.lock",
				"${PODS_ROOT}/Manifest.lock",
			);
			name = "[CP] Check Pods Manifest.lock";
			outputFileListPaths = (
			);
			outputPaths = (
				"$(DERIVED_FILE_DIR)/Pods-devoronin-swift-test-devoronin-swift-testUITests-checkManifestLockResult.txt",
			);
			runOnlyForDeploymentPostprocessing = 0;
			shellPath = /bin/sh;
			shellScript = "diff \"${PODS_PODFILE_DIR_PATH}/Podfile.lock\" \"${PODS_ROOT}/Manifest.lock\" > /dev/null\nif [ $? != 0 ] ; then\n    # print error to STDERR\n    echo \"error: The sandbox is not in sync with the Podfile.lock. Run 'pod install' or update your CocoaPods installation.\" >&2\n    exit 1\nfi\n# This output is used by Xcode 'outputs' to avoid re-running this script phase.\necho \"SUCCESS\" > \"${SCRIPT_OUTPUT_FILE_0}\"\n";
			showEnvVarsInLog = 0;
		};
		FD839C41854278A8941D1A61 /* [CP] Embed Pods Frameworks */ = {
			isa = PBXShellScriptBuildPhase;
			buildActionMask = 2147483647;
			files = (
			);
			inputFileListPaths = (
				"${PODS_ROOT}/Target Support Files/Pods-devoronin-swift-test/Pods-devoronin-swift-test-frameworks-${CONFIGURATION}-input-files.xcfilelist",
			);
			name = "[CP] Embed Pods Frameworks";
			outputFileListPaths = (
				"${PODS_ROOT}/Target Support Files/Pods-devoronin-swift-test/Pods-devoronin-swift-test-frameworks-${CONFIGURATION}-output-files.xcfilelist",
			);
			runOnlyForDeploymentPostprocessing = 0;
			shellPath = /bin/sh;
			shellScript = "\"${PODS_ROOT}/Target Support Files/Pods-devoronin-swift-test/Pods-devoronin-swift-test-frameworks.sh\"\n";
			showEnvVarsInLog = 0;
		};
/* End PBXShellScriptBuildPhase section */

/* Begin PBXSourcesBuildPhase section */
		88D7762D299FDAB500BC782F /* Sources */ = {
			isa = PBXSourcesBuildPhase;
			buildActionMask = 2147483647;
			files = (
				88DC6E1B29AD3E4700C8D62F /* AppConstants.swift in Sources */,
				88E1311D29B0645600DAF0B0 /* ChartViewController.swift in Sources */,
				88EF7AA829AB44CC001D3572 /* UIView+Ext.swift in Sources */,
				88DC6DF729AC6E7D00C8D62F /* AssetsInteractor.swift in Sources */,
				880C4B4229AA764000951D25 /* WatchlistViewController.swift in Sources */,
				88D77639299FDAB500BC782F /* MainViewController.swift in Sources */,
				8839F7D429B1EB5D004D4399 /* AssetDetailsConfigurator.swift in Sources */,
				883CEEE529B5CFA100D9ABDA /* ChartRenderer.swift in Sources */,
				8839F7C129B1D7AE004D4399 /* AssetDetailsInteractor.swift in Sources */,
				883C402A29ABF30200B44916 /* NetworkManager.swift in Sources */,
				88EF7A3F29AB40B0001D3572 /* UIViewController+Ext.swift in Sources */,
				880C4B5A29AA9B2A00951D25 /* AssetsTableViewCell.swift in Sources */,
				88D77635299FDAB500BC782F /* AppDelegate.swift in Sources */,
				883C402129ABF0A100B44916 /* Asset.swift in Sources */,
				88DC40EF29ADCD5100EF8A55 /* AssetDetailsView.swift in Sources */,
				88DC6E0929ACABED00C8D62F /* IconManager.swift in Sources */,
				88DC6E0129AC7D0D00C8D62F /* AssetsConfigurator.swift in Sources */,
				8839F7F729B1F5C6004D4399 /* AssetDetailsPresenter.swift in Sources */,
				889535A029AAA01C00FC4B91 /* Constants.swift in Sources */,
				88E3340F29B12F33005B5152 /* AssetHistory.swift in Sources */,
				88DC6E0F29AD11E200C8D62F /* AssetDetailsViewController.swift in Sources */,
				889535AA29AAA50A00FC4B91 /* AssetsTableViewHeader.swift in Sources */,
				88CE8CDB29ADEDEB00C60DE3 /* DetailHorizontalStackView.swift in Sources */,
				88DC6DFC29AC765500C8D62F /* AssetsPresenter.swift in Sources */,
				880C4B5329AA7B7100951D25 /* AssetsViewController.swift in Sources */,
				880C4B4929AA767B00951D25 /* SettingsViewController.swift in Sources */,
				88DC6E2229AD468200C8D62F /* String+Ext.swift in Sources */,
				889535B229AAAC7600FC4B91 /* SearchTextField.swift in Sources */,
			);
			runOnlyForDeploymentPostprocessing = 0;
		};
		88D77643299FDAB700BC782F /* Sources */ = {
			isa = PBXSourcesBuildPhase;
			buildActionMask = 2147483647;
			files = (
				883C402B29ABF30200B44916 /* NetworkManager.swift in Sources */,
				8839F7E229B1F2CF004D4399 /* AssetDetailsConfigurator.swift in Sources */,
				88EF7AA929AB44CC001D3572 /* UIView+Ext.swift in Sources */,
				880C4B4329AA764000951D25 /* WatchlistViewController.swift in Sources */,
				88DC6E2329AD468200C8D62F /* String+Ext.swift in Sources */,
				88D7764C299FDAB700BC782F /* devoronin_swift_testTests.swift in Sources */,
				88DC6E1029AD11E200C8D62F /* AssetDetailsViewController.swift in Sources */,
				883C402229ABF0A100B44916 /* Asset.swift in Sources */,
				880C4B4A29AA767B00951D25 /* SettingsViewController.swift in Sources */,
				88E1311E29B0645600DAF0B0 /* ChartViewController.swift in Sources */,
				88CE8CDC29ADEDEB00C60DE3 /* DetailHorizontalStackView.swift in Sources */,
				880C4B5B29AA9B2A00951D25 /* AssetsTableViewCell.swift in Sources */,
				889535AB29AAA50A00FC4B91 /* AssetsTableViewHeader.swift in Sources */,
				889535A129AAA01C00FC4B91 /* Constants.swift in Sources */,
				88DC6E1C29AD3E4700C8D62F /* AppConstants.swift in Sources */,
				889535B329AAAC7600FC4B91 /* SearchTextField.swift in Sources */,
				8839F7F829B1F5C6004D4399 /* AssetDetailsPresenter.swift in Sources */,
				883CEEE629B5CFA100D9ABDA /* ChartRenderer.swift in Sources */,
				88EF7A4029AB40B0001D3572 /* UIViewController+Ext.swift in Sources */,
			);
			runOnlyForDeploymentPostprocessing = 0;
		};
		88D7764E299FDAB700BC782F /* Sources */ = {
			isa = PBXSourcesBuildPhase;
			buildActionMask = 2147483647;
			files = (
				883C402C29ABF30200B44916 /* NetworkManager.swift in Sources */,
				8839F7E129B1F2CF004D4399 /* AssetDetailsConfigurator.swift in Sources */,
				88EF7AAA29AB44CC001D3572 /* UIView+Ext.swift in Sources */,
				880C4B4429AA764000951D25 /* WatchlistViewController.swift in Sources */,
				88DC6E2429AD468200C8D62F /* String+Ext.swift in Sources */,
				88D77657299FDAB700BC782F /* devoronin_swift_testUITests.swift in Sources */,
				88DC6E1129AD11E200C8D62F /* AssetDetailsViewController.swift in Sources */,
				883C402329ABF0A100B44916 /* Asset.swift in Sources */,
				880C4B4B29AA767B00951D25 /* SettingsViewController.swift in Sources */,
				88E1311F29B0645600DAF0B0 /* ChartViewController.swift in Sources */,
				88CE8CDD29ADEDEB00C60DE3 /* DetailHorizontalStackView.swift in Sources */,
				880C4B5C29AA9B2A00951D25 /* AssetsTableViewCell.swift in Sources */,
				889535AC29AAA50A00FC4B91 /* AssetsTableViewHeader.swift in Sources */,
				889535A229AAA01C00FC4B91 /* Constants.swift in Sources */,
				88DC6E1D29AD3E4700C8D62F /* AppConstants.swift in Sources */,
				889535B429AAAC7600FC4B91 /* SearchTextField.swift in Sources */,
				8839F7F929B1F5C6004D4399 /* AssetDetailsPresenter.swift in Sources */,
				883CEEE729B5CFA100D9ABDA /* ChartRenderer.swift in Sources */,
				88EF7A4129AB40B0001D3572 /* UIViewController+Ext.swift in Sources */,
			);
			runOnlyForDeploymentPostprocessing = 0;
		};
/* End PBXSourcesBuildPhase section */

/* Begin PBXTargetDependency section */
		88D77649299FDAB700BC782F /* PBXTargetDependency */ = {
			isa = PBXTargetDependency;
			target = 88D77630299FDAB500BC782F /* devoronin-swift-test */;
			targetProxy = 88D77648299FDAB700BC782F /* PBXContainerItemProxy */;
		};
		88D77654299FDAB700BC782F /* PBXTargetDependency */ = {
			isa = PBXTargetDependency;
			target = 88D77630299FDAB500BC782F /* devoronin-swift-test */;
			targetProxy = 88D77653299FDAB700BC782F /* PBXContainerItemProxy */;
		};
/* End PBXTargetDependency section */

/* Begin PBXVariantGroup section */
		88D7763F299FDAB700BC782F /* LaunchScreen.storyboard */ = {
			isa = PBXVariantGroup;
			children = (
				88D77640299FDAB700BC782F /* Base */,
			);
			name = LaunchScreen.storyboard;
			sourceTree = "<group>";
		};
/* End PBXVariantGroup section */

/* Begin XCBuildConfiguration section */
		88D77659299FDAB700BC782F /* Debug */ = {
			isa = XCBuildConfiguration;
			buildSettings = {
				ALWAYS_SEARCH_USER_PATHS = NO;
				CLANG_ANALYZER_NONNULL = YES;
				CLANG_ANALYZER_NUMBER_OBJECT_CONVERSION = YES_AGGRESSIVE;
				CLANG_CXX_LANGUAGE_STANDARD = "gnu++14";
				CLANG_CXX_LIBRARY = "libc++";
				CLANG_ENABLE_MODULES = YES;
				CLANG_ENABLE_OBJC_ARC = YES;
				CLANG_ENABLE_OBJC_WEAK = YES;
				CLANG_WARN_BLOCK_CAPTURE_AUTORELEASING = YES;
				CLANG_WARN_BOOL_CONVERSION = YES;
				CLANG_WARN_COMMA = YES;
				CLANG_WARN_CONSTANT_CONVERSION = YES;
				CLANG_WARN_DEPRECATED_OBJC_IMPLEMENTATIONS = YES;
				CLANG_WARN_DIRECT_OBJC_ISA_USAGE = YES_ERROR;
				CLANG_WARN_DOCUMENTATION_COMMENTS = YES;
				CLANG_WARN_EMPTY_BODY = YES;
				CLANG_WARN_ENUM_CONVERSION = YES;
				CLANG_WARN_INFINITE_RECURSION = YES;
				CLANG_WARN_INT_CONVERSION = YES;
				CLANG_WARN_NON_LITERAL_NULL_CONVERSION = YES;
				CLANG_WARN_OBJC_IMPLICIT_RETAIN_SELF = YES;
				CLANG_WARN_OBJC_LITERAL_CONVERSION = YES;
				CLANG_WARN_OBJC_ROOT_CLASS = YES_ERROR;
				CLANG_WARN_QUOTED_INCLUDE_IN_FRAMEWORK_HEADER = YES;
				CLANG_WARN_RANGE_LOOP_ANALYSIS = YES;
				CLANG_WARN_STRICT_PROTOTYPES = YES;
				CLANG_WARN_SUSPICIOUS_MOVE = YES;
				CLANG_WARN_UNGUARDED_AVAILABILITY = YES_AGGRESSIVE;
				CLANG_WARN_UNREACHABLE_CODE = YES;
				CLANG_WARN__DUPLICATE_METHOD_MATCH = YES;
				COPY_PHASE_STRIP = NO;
				DEBUG_INFORMATION_FORMAT = dwarf;
				ENABLE_STRICT_OBJC_MSGSEND = YES;
				ENABLE_TESTABILITY = YES;
				GCC_C_LANGUAGE_STANDARD = gnu11;
				GCC_DYNAMIC_NO_PIC = NO;
				GCC_NO_COMMON_BLOCKS = YES;
				GCC_OPTIMIZATION_LEVEL = 0;
				GCC_PREPROCESSOR_DEFINITIONS = (
					"DEBUG=1",
					"$(inherited)",
				);
				GCC_WARN_64_TO_32_BIT_CONVERSION = YES;
				GCC_WARN_ABOUT_RETURN_TYPE = YES_ERROR;
				GCC_WARN_UNDECLARED_SELECTOR = YES;
				GCC_WARN_UNINITIALIZED_AUTOS = YES_AGGRESSIVE;
				GCC_WARN_UNUSED_FUNCTION = YES;
				GCC_WARN_UNUSED_VARIABLE = YES;
				IPHONEOS_DEPLOYMENT_TARGET = 13.0;
				MTL_ENABLE_DEBUG_INFO = INCLUDE_SOURCE;
				MTL_FAST_MATH = YES;
				ONLY_ACTIVE_ARCH = YES;
				SDKROOT = iphoneos;
				SWIFT_ACTIVE_COMPILATION_CONDITIONS = DEBUG;
				SWIFT_OPTIMIZATION_LEVEL = "-Onone";
			};
			name = Debug;
		};
		88D7765A299FDAB700BC782F /* Release */ = {
			isa = XCBuildConfiguration;
			buildSettings = {
				ALWAYS_SEARCH_USER_PATHS = NO;
				CLANG_ANALYZER_NONNULL = YES;
				CLANG_ANALYZER_NUMBER_OBJECT_CONVERSION = YES_AGGRESSIVE;
				CLANG_CXX_LANGUAGE_STANDARD = "gnu++14";
				CLANG_CXX_LIBRARY = "libc++";
				CLANG_ENABLE_MODULES = YES;
				CLANG_ENABLE_OBJC_ARC = YES;
				CLANG_ENABLE_OBJC_WEAK = YES;
				CLANG_WARN_BLOCK_CAPTURE_AUTORELEASING = YES;
				CLANG_WARN_BOOL_CONVERSION = YES;
				CLANG_WARN_COMMA = YES;
				CLANG_WARN_CONSTANT_CONVERSION = YES;
				CLANG_WARN_DEPRECATED_OBJC_IMPLEMENTATIONS = YES;
				CLANG_WARN_DIRECT_OBJC_ISA_USAGE = YES_ERROR;
				CLANG_WARN_DOCUMENTATION_COMMENTS = YES;
				CLANG_WARN_EMPTY_BODY = YES;
				CLANG_WARN_ENUM_CONVERSION = YES;
				CLANG_WARN_INFINITE_RECURSION = YES;
				CLANG_WARN_INT_CONVERSION = YES;
				CLANG_WARN_NON_LITERAL_NULL_CONVERSION = YES;
				CLANG_WARN_OBJC_IMPLICIT_RETAIN_SELF = YES;
				CLANG_WARN_OBJC_LITERAL_CONVERSION = YES;
				CLANG_WARN_OBJC_ROOT_CLASS = YES_ERROR;
				CLANG_WARN_QUOTED_INCLUDE_IN_FRAMEWORK_HEADER = YES;
				CLANG_WARN_RANGE_LOOP_ANALYSIS = YES;
				CLANG_WARN_STRICT_PROTOTYPES = YES;
				CLANG_WARN_SUSPICIOUS_MOVE = YES;
				CLANG_WARN_UNGUARDED_AVAILABILITY = YES_AGGRESSIVE;
				CLANG_WARN_UNREACHABLE_CODE = YES;
				CLANG_WARN__DUPLICATE_METHOD_MATCH = YES;
				COPY_PHASE_STRIP = NO;
				DEBUG_INFORMATION_FORMAT = "dwarf-with-dsym";
				ENABLE_NS_ASSERTIONS = NO;
				ENABLE_STRICT_OBJC_MSGSEND = YES;
				GCC_C_LANGUAGE_STANDARD = gnu11;
				GCC_NO_COMMON_BLOCKS = YES;
				GCC_WARN_64_TO_32_BIT_CONVERSION = YES;
				GCC_WARN_ABOUT_RETURN_TYPE = YES_ERROR;
				GCC_WARN_UNDECLARED_SELECTOR = YES;
				GCC_WARN_UNINITIALIZED_AUTOS = YES_AGGRESSIVE;
				GCC_WARN_UNUSED_FUNCTION = YES;
				GCC_WARN_UNUSED_VARIABLE = YES;
				IPHONEOS_DEPLOYMENT_TARGET = 13.0;
				MTL_ENABLE_DEBUG_INFO = NO;
				MTL_FAST_MATH = YES;
				SDKROOT = iphoneos;
				SWIFT_COMPILATION_MODE = wholemodule;
				SWIFT_OPTIMIZATION_LEVEL = "-O";
				VALIDATE_PRODUCT = YES;
			};
			name = Release;
		};
		88D7765C299FDAB700BC782F /* Debug */ = {
			isa = XCBuildConfiguration;
			baseConfigurationReference = 9E027F4B6D39C92745DDBE2A /* Pods-devoronin-swift-test.debug.xcconfig */;
			buildSettings = {
				ASSETCATALOG_COMPILER_APPICON_NAME = AppIcon;
				ASSETCATALOG_COMPILER_GLOBAL_ACCENT_COLOR_NAME = AccentColor;
				CODE_SIGN_STYLE = Automatic;
				DEVELOPMENT_TEAM = 56U6P9HNQ5;
				INFOPLIST_FILE = "devoronin-swift-test/Info.plist";
				LD_RUNPATH_SEARCH_PATHS = (
					"$(inherited)",
					"@executable_path/Frameworks",
				);
				PRODUCT_BUNDLE_IDENTIFIER = "devoronin.devoronin-swift-test";
				PRODUCT_NAME = "$(TARGET_NAME)";
				SWIFT_VERSION = 5.0;
				TARGETED_DEVICE_FAMILY = "1,2";
			};
			name = Debug;
		};
		88D7765D299FDAB700BC782F /* Release */ = {
			isa = XCBuildConfiguration;
			baseConfigurationReference = B02603EC9DDDE24880AA2C04 /* Pods-devoronin-swift-test.release.xcconfig */;
			buildSettings = {
				ASSETCATALOG_COMPILER_APPICON_NAME = AppIcon;
				ASSETCATALOG_COMPILER_GLOBAL_ACCENT_COLOR_NAME = AccentColor;
				CODE_SIGN_STYLE = Automatic;
				DEVELOPMENT_TEAM = 56U6P9HNQ5;
				INFOPLIST_FILE = "devoronin-swift-test/Info.plist";
				LD_RUNPATH_SEARCH_PATHS = (
					"$(inherited)",
					"@executable_path/Frameworks",
				);
				PRODUCT_BUNDLE_IDENTIFIER = "devoronin.devoronin-swift-test";
				PRODUCT_NAME = "$(TARGET_NAME)";
				SWIFT_VERSION = 5.0;
				TARGETED_DEVICE_FAMILY = "1,2";
			};
			name = Release;
		};
		88D7765F299FDAB700BC782F /* Debug */ = {
			isa = XCBuildConfiguration;
			baseConfigurationReference = 7B4C38CFD3B942CE2D2585E5 /* Pods-devoronin-swift-testTests.debug.xcconfig */;
			buildSettings = {
				ALWAYS_EMBED_SWIFT_STANDARD_LIBRARIES = YES;
				BUNDLE_LOADER = "$(TEST_HOST)";
				CODE_SIGN_STYLE = Automatic;
				DEVELOPMENT_TEAM = 56U6P9HNQ5;
				INFOPLIST_FILE = "devoronin-swift-testTests/Info.plist";
				IPHONEOS_DEPLOYMENT_TARGET = 14.4;
				LD_RUNPATH_SEARCH_PATHS = (
					"$(inherited)",
					"@executable_path/Frameworks",
					"@loader_path/Frameworks",
				);
				PRODUCT_BUNDLE_IDENTIFIER = "devoronin.devoronin-swift-testTests";
				PRODUCT_NAME = "$(TARGET_NAME)";
				SWIFT_VERSION = 5.0;
				TARGETED_DEVICE_FAMILY = "1,2";
				TEST_HOST = "$(BUILT_PRODUCTS_DIR)/devoronin-swift-test.app/devoronin-swift-test";
			};
			name = Debug;
		};
		88D77660299FDAB700BC782F /* Release */ = {
			isa = XCBuildConfiguration;
			baseConfigurationReference = 8107904866CB2EE7F055C5CF /* Pods-devoronin-swift-testTests.release.xcconfig */;
			buildSettings = {
				ALWAYS_EMBED_SWIFT_STANDARD_LIBRARIES = YES;
				BUNDLE_LOADER = "$(TEST_HOST)";
				CODE_SIGN_STYLE = Automatic;
				DEVELOPMENT_TEAM = 56U6P9HNQ5;
				INFOPLIST_FILE = "devoronin-swift-testTests/Info.plist";
				IPHONEOS_DEPLOYMENT_TARGET = 14.4;
				LD_RUNPATH_SEARCH_PATHS = (
					"$(inherited)",
					"@executable_path/Frameworks",
					"@loader_path/Frameworks",
				);
				PRODUCT_BUNDLE_IDENTIFIER = "devoronin.devoronin-swift-testTests";
				PRODUCT_NAME = "$(TARGET_NAME)";
				SWIFT_VERSION = 5.0;
				TARGETED_DEVICE_FAMILY = "1,2";
				TEST_HOST = "$(BUILT_PRODUCTS_DIR)/devoronin-swift-test.app/devoronin-swift-test";
			};
			name = Release;
		};
		88D77662299FDAB700BC782F /* Debug */ = {
			isa = XCBuildConfiguration;
			baseConfigurationReference = 648E330A937C6B168F2E0EA9 /* Pods-devoronin-swift-test-devoronin-swift-testUITests.debug.xcconfig */;
			buildSettings = {
				ALWAYS_EMBED_SWIFT_STANDARD_LIBRARIES = YES;
				CODE_SIGN_STYLE = Automatic;
				DEVELOPMENT_TEAM = 56U6P9HNQ5;
				INFOPLIST_FILE = "devoronin-swift-testUITests/Info.plist";
				LD_RUNPATH_SEARCH_PATHS = (
					"$(inherited)",
					"@executable_path/Frameworks",
					"@loader_path/Frameworks",
				);
				PRODUCT_BUNDLE_IDENTIFIER = "devoronin.devoronin-swift-testUITests";
				PRODUCT_NAME = "$(TARGET_NAME)";
				SWIFT_VERSION = 5.0;
				TARGETED_DEVICE_FAMILY = "1,2";
				TEST_TARGET_NAME = "devoronin-swift-test";
			};
			name = Debug;
		};
		88D77663299FDAB700BC782F /* Release */ = {
			isa = XCBuildConfiguration;
			baseConfigurationReference = 79F10EA53A407E4BDDA48614 /* Pods-devoronin-swift-test-devoronin-swift-testUITests.release.xcconfig */;
			buildSettings = {
				ALWAYS_EMBED_SWIFT_STANDARD_LIBRARIES = YES;
				CODE_SIGN_STYLE = Automatic;
				DEVELOPMENT_TEAM = 56U6P9HNQ5;
				INFOPLIST_FILE = "devoronin-swift-testUITests/Info.plist";
				LD_RUNPATH_SEARCH_PATHS = (
					"$(inherited)",
					"@executable_path/Frameworks",
					"@loader_path/Frameworks",
				);
				PRODUCT_BUNDLE_IDENTIFIER = "devoronin.devoronin-swift-testUITests";
				PRODUCT_NAME = "$(TARGET_NAME)";
				SWIFT_VERSION = 5.0;
				TARGETED_DEVICE_FAMILY = "1,2";
				TEST_TARGET_NAME = "devoronin-swift-test";
			};
			name = Release;
		};
/* End XCBuildConfiguration section */

/* Begin XCConfigurationList section */
		88D7762C299FDAB500BC782F /* Build configuration list for PBXProject "devoronin-swift-test" */ = {
			isa = XCConfigurationList;
			buildConfigurations = (
				88D77659299FDAB700BC782F /* Debug */,
				88D7765A299FDAB700BC782F /* Release */,
			);
			defaultConfigurationIsVisible = 0;
			defaultConfigurationName = Release;
		};
		88D7765B299FDAB700BC782F /* Build configuration list for PBXNativeTarget "devoronin-swift-test" */ = {
			isa = XCConfigurationList;
			buildConfigurations = (
				88D7765C299FDAB700BC782F /* Debug */,
				88D7765D299FDAB700BC782F /* Release */,
			);
			defaultConfigurationIsVisible = 0;
			defaultConfigurationName = Release;
		};
		88D7765E299FDAB700BC782F /* Build configuration list for PBXNativeTarget "devoronin-swift-testTests" */ = {
			isa = XCConfigurationList;
			buildConfigurations = (
				88D7765F299FDAB700BC782F /* Debug */,
				88D77660299FDAB700BC782F /* Release */,
			);
			defaultConfigurationIsVisible = 0;
			defaultConfigurationName = Release;
		};
		88D77661299FDAB700BC782F /* Build configuration list for PBXNativeTarget "devoronin-swift-testUITests" */ = {
			isa = XCConfigurationList;
			buildConfigurations = (
				88D77662299FDAB700BC782F /* Debug */,
				88D77663299FDAB700BC782F /* Release */,
			);
			defaultConfigurationIsVisible = 0;
			defaultConfigurationName = Release;
		};
/* End XCConfigurationList section */
	};
	rootObject = 88D77629299FDAB500BC782F /* Project object */;
}
